<?xml version="1.0" encoding="utf-8"?>
<Project ToolsVersion="4.0" xmlns="http://schemas.microsoft.com/developer/msbuild/2003">
  <ItemGroup>
    <Filter Include="Исходные файлы">
      <UniqueIdentifier>{4FC737F1-C7A5-4376-A066-2A32D752A2FF}</UniqueIdentifier>
      <Extensions>cpp;c;cc;cxx;c++;cppm;ixx;def;odl;idl;hpj;bat;asm;asmx</Extensions>
    </Filter>
    <Filter Include="Файлы заголовков">
      <UniqueIdentifier>{93995380-89BD-4b04-88EB-625FBE52EBFB}</UniqueIdentifier>
      <Extensions>h;hh;hpp;hxx;h++;hm;inl;inc;ipp;xsd</Extensions>
    </Filter>
    <Filter Include="Файлы ресурсов">
      <UniqueIdentifier>{67DA6AB6-F800-4c08-8B7A-83BB121AAD01}</UniqueIdentifier>
      <Extensions>rc;ico;cur;bmp;dlg;rc2;rct;bin;rgs;gif;jpg;jpeg;jpe;resx;tiff;tif;png;wav;mfcribbon-ms</Extensions>
    </Filter>
    <Filter Include="Interfaces">
      <UniqueIdentifier>{d9f008bb-fd29-4bc0-8a1d-08199ee32640}</UniqueIdentifier>
    </Filter>
    <Filter Include="LogicalElements">
      <UniqueIdentifier>{a2b557ce-5a59-4838-9314-b5d820b102ef}</UniqueIdentifier>
    </Filter>
  </ItemGroup>
  <ItemGroup>
    <ClCompile Include="Main.cpp">
      <Filter>Исходные файлы</Filter>
    </ClCompile>
    <ClCompile Include="src\BitMapTexture.cpp">
      <Filter>Исходные файлы</Filter>
    </ClCompile>
    <ClCompile Include="src\Game.cpp">
      <Filter>Исходные файлы</Filter>
    </ClCompile>
    <ClCompile Include="src\GameObjects\Connection.cpp">
      <Filter>Исходные файлы</Filter>
    </ClCompile>
    <ClCompile Include="src\InitWindow.cpp">
      <Filter>Исходные файлы</Filter>
    </ClCompile>
    <ClCompile Include="src\SEvent.cpp">
      <Filter>Исходные файлы</Filter>
    </ClCompile>
    <ClCompile Include="src\TtfText.cpp">
      <Filter>Исходные файлы</Filter>
    </ClCompile>
    <ClCompile Include="src\CommandEvent\ICommand.cpp">
      <Filter>Interfaces</Filter>
    </ClCompile>
    <ClCompile Include="src\GameObjects\IGameObject.cpp">
      <Filter>Interfaces</Filter>
    </ClCompile>
    <ClCompile Include="src\GameObjects\LogicalElements\ILogElement.cpp">
      <Filter>Interfaces</Filter>
    </ClCompile>
    <ClCompile Include="src\GameObjects\LogicalElements\LogEAnd.cpp">
      <Filter>LogicalElements</Filter>
    </ClCompile>
    <ClCompile Include="src\GameObjects\LogicalElements\LogEOr.cpp">
      <Filter>LogicalElements</Filter>
    </ClCompile>
    <ClCompile Include="src\GameObjects\LogicalElements\Lamp.cpp">
      <Filter>LogicalElements</Filter>
    </ClCompile>
    <ClCompile Include="src\GameObjects\LogicalElements\LogEXor.cpp">
      <Filter>LogicalElements</Filter>
    </ClCompile>
    <ClCompile Include="src\GameObjects\LogicalElements\Switch.cpp">
      <Filter>LogicalElements</Filter>
    </ClCompile>
  </ItemGroup>
  <ItemGroup>
    <ClInclude Include="src\BitMapTexture.h">
      <Filter>Файлы заголовков</Filter>
    </ClInclude>
    <ClInclude Include="src\Game.h">
      <Filter>Файлы заголовков</Filter>
    </ClInclude>
    <ClInclude Include="src\GameObjects\Connection.h">
      <Filter>Файлы заголовков</Filter>
    </ClInclude>
    <ClInclude Include="src\InitWindow.h">
      <Filter>Файлы заголовков</Filter>
    </ClInclude>
    <ClInclude Include="src\SEvent.h">
      <Filter>Файлы заголовков</Filter>
    </ClInclude>
    <ClInclude Include="src\TtfText.h">
      <Filter>Файлы заголовков</Filter>
    </ClInclude>
    <ClInclude Include="src\CommandEvent\ICommand.h">
      <Filter>Interfaces</Filter>
    </ClInclude>
    <ClInclude Include="src\GameObjects\IGameObject.h">
      <Filter>Interfaces</Filter>
    </ClInclude>
    <ClInclude Include="src\GameObjects\LogicalElements\ILogElement.h">
      <Filter>Interfaces</Filter>
    </ClInclude>
    <ClInclude Include="src\GameObjects\LogicalElements\LogEAnd.h">
      <Filter>LogicalElements</Filter>
    </ClInclude>
    <ClInclude Include="src\GameObjects\LogicalElements\LogEOr.h">
      <Filter>LogicalElements</Filter>
    </ClInclude>
    <ClInclude Include="src\GameObjects\LogicalElements\Lamp.h">
      <Filter>LogicalElements</Filter>
    </ClInclude>
    <ClInclude Include="src\GameObjects\LogicalElements\LogEXor.h">
      <Filter>LogicalElements</Filter>
    </ClInclude>
    <ClInclude Include="src\GameObjects\LogicalElements\Switch.h">
      <Filter>LogicalElements</Filter>
    </ClInclude>
  </ItemGroup>
</Project>